# Generated from pip freeze; regenerate with scripts/generate_python_lock.py.
Flask==3.1.3
Jinja2==3.1.6
Mako==1.3.12
MarkupSafe==3.0.3
PyJWT==2.13.0
Pygments==2.20.0
SQLAlchemy==2.0.51
Werkzeug==3.1.8
aioquic==1.2.0
alembic==1.18.5
annotated-doc==0.0.5
annotated-types==0.8.0
anyio==4.14.2
argon2-cffi-bindings==25.1.0
argon2-cffi==25.1.0
asgiref==3.11.1
attrs==26.1.0
bcrypt==5.0.0
blinker==1.9.0
brotli==1.2.0
certifi==2026.7.22
cffi==2.1.0
charset-normalizer==3.4.9
click==8.4.2
colorama==0.4.6
cryptography==48.0.1
distro==1.9.0
docker==7.2.0
fastapi==0.141.1
greenlet==3.5.4
griffelib==2.1.0
h11==0.16.0
h2==4.3.0
hpack==4.2.0
httpcore==1.0.9
httpx-sse==0.4.3
httpx==0.28.1
hyperframe==6.1.0
idna==3.18
iniconfig==2.3.0
itsdangerous==2.2.0
jiter==0.16.0
jsonschema-specifications==2025.9.1
jsonschema==4.26.0
kaitaistruct==0.11
ldap3==2.9.1
mcp==1.29.0
mitmproxy-windows==0.12.11
mitmproxy==12.2.3
mitmproxy_rs==0.12.11
msgpack==1.1.2
openai-agents==0.14.6
openai==2.44.0
packaging==26.2
playwright==1.61.0
pluggy==1.6.0
psycopg-binary==3.3.4
psycopg==3.3.4
publicsuffix2==2.20191221
pyOpenSSL==26.2.0
pyasn1==0.6.4
pycparser==3.0
pydantic-settings==2.14.2
pydantic==2.13.4
pydantic_core==2.46.4
pydivert==2.1.0
pyee==13.0.1
pylsqpack==0.3.24
pyparsing==3.3.2
pyperclip==1.11.0
pytest==9.1.1
python-dotenv==1.2.2
python-multipart==0.0.32
pywin32==312
referencing==0.37.0
requests==2.34.2
rpds-py==2026.6.3
ruamel.yaml==0.19.1
service-identity==26.1.0
sniffio==1.3.1
sortedcontainers==2.4.0
sse-starlette==3.4.6
starlette==1.3.1
tornado==6.5.5
tqdm==4.70.0
types-requests==2.33.0.20260712
typing-inspection==0.4.2
typing_extensions==4.16.0
tzdata==2026.3
urllib3==2.7.0
urwid==3.0.5
uvicorn==0.52.0
wcwidth==0.8.2
websockets==16.1.1
wsproto==1.3.2
zstandard==0.25.0
